
Microsoft Visual Studio Solution File, Format Version 12.00
# Visual Studio Version 17
VisualStudioVersion = 17.11.35327.3
MinimumVisualStudioVersion = 10.0.40219.1
Project("{9A19103F-16F7-4668-BE54-9A1E7A4F7556}") = "MasterData.Host", "MasterData.Host\MasterData.Host.csproj", "{DC44DE13-A3EF-4EDD-9B9A-6829E65BBC62}"
EndProject
Global
	GlobalSection(SolutionConfigurationPlatforms) = preSolution
		Debug|Any CPU = Debug|Any CPU
		Release|Any CPU = Release|Any CPU
	EndGlobalSection
	GlobalSection(ProjectConfigurationPlatforms) = postSolution
		{DC44DE13-A3EF-4EDD-9B9A-6829E65BBC62}.Debug|Any CPU.ActiveCfg = Debug|Any CPU
		{DC44DE13-A3EF-4EDD-9B9A-6829E65BBC62}.Debug|Any CPU.Build.0 = Debug|Any CPU
		{DC44DE13-A3EF-4EDD-9B9A-6829E65BBC62}.Release|Any CPU.ActiveCfg = Release|Any CPU
		{DC44DE13-A3EF-4EDD-9B9A-6829E65BBC62}.Release|Any CPU.Build.0 = Release|Any CPU
	EndGlobalSection
	GlobalSection(SolutionProperties) = preSolution
		HideSolutionNode = FALSE
	EndGlobalSection
	GlobalSection(ExtensibilityGlobals) = postSolution
		SolutionGuid = {91401217-0228-4858-B5B6-1AAA2C99A275}
	EndGlobalSection
EndGlobal
